
Microsoft Visual Studio Solution File, Format Version 12.00
# Visual Studio 14
VisualStudioVersion = 14.0.23107.0
MinimumVisualStudioVersion = 10.0.40219.1
Project("{FAE04EC0-301F-11D3-BF4B-00C04F79EFBC}") = "InnovationApp", "InnovationApp\InnovationApp.csproj", "{B5B4D031-85C5-4049-9437-E8B3D8A93B1A}"
EndProject
Project("{FAE04EC0-301F-11D3-BF4B-00C04F79EFBC}") = "InnovationApp.API", "InnovationApp.API\InnovationApp.API.csproj", "{2B35FD36-DB3E-41F3-9EBB-A14C9C249BAF}"
EndProject
Project("{FAE04EC0-301F-11D3-BF4B-00C04F79EFBC}") = "InnovationApp.DAL", "InnovationApp.DAL\InnovationApp.DAL.csproj", "{899D102F-AE3E-4E24-A5B1-D9477DD189CC}"
EndProject
Project("{FAE04EC0-301F-11D3-BF4B-00C04F79EFBC}") = "InnovationApp.Model", "InnovationApp.Model\InnovationApp.Model.csproj", "{A6811A51-DAFE-4488-81AF-2DE47BE1C8BA}"
EndProject
Global
	GlobalSection(SolutionConfigurationPlatforms) = preSolution
		Debug|Any CPU = Debug|Any CPU
		Release|Any CPU = Release|Any CPU
	EndGlobalSection
	GlobalSection(ProjectConfigurationPlatforms) = postSolution
		{B5B4D031-85C5-4049-9437-E8B3D8A93B1A}.Debug|Any CPU.ActiveCfg = Debug|Any CPU
		{B5B4D031-85C5-4049-9437-E8B3D8A93B1A}.Debug|Any CPU.Build.0 = Debug|Any CPU
		{B5B4D031-85C5-4049-9437-E8B3D8A93B1A}.Release|Any CPU.ActiveCfg = Release|Any CPU
		{B5B4D031-85C5-4049-9437-E8B3D8A93B1A}.Release|Any CPU.Build.0 = Release|Any CPU
		{2B35FD36-DB3E-41F3-9EBB-A14C9C249BAF}.Debug|Any CPU.ActiveCfg = Debug|Any CPU
		{2B35FD36-DB3E-41F3-9EBB-A14C9C249BAF}.Debug|Any CPU.Build.0 = Debug|Any CPU
		{2B35FD36-DB3E-41F3-9EBB-A14C9C249BAF}.Release|Any CPU.ActiveCfg = Release|Any CPU
		{2B35FD36-DB3E-41F3-9EBB-A14C9C249BAF}.Release|Any CPU.Build.0 = Release|Any CPU
		{899D102F-AE3E-4E24-A5B1-D9477DD189CC}.Debug|Any CPU.ActiveCfg = Debug|Any CPU
		{899D102F-AE3E-4E24-A5B1-D9477DD189CC}.Debug|Any CPU.Build.0 = Debug|Any CPU
		{899D102F-AE3E-4E24-A5B1-D9477DD189CC}.Release|Any CPU.ActiveCfg = Release|Any CPU
		{899D102F-AE3E-4E24-A5B1-D9477DD189CC}.Release|Any CPU.Build.0 = Release|Any CPU
		{A6811A51-DAFE-4488-81AF-2DE47BE1C8BA}.Debug|Any CPU.ActiveCfg = Debug|Any CPU
		{A6811A51-DAFE-4488-81AF-2DE47BE1C8BA}.Debug|Any CPU.Build.0 = Debug|Any CPU
		{A6811A51-DAFE-4488-81AF-2DE47BE1C8BA}.Release|Any CPU.ActiveCfg = Release|Any CPU
		{A6811A51-DAFE-4488-81AF-2DE47BE1C8BA}.Release|Any CPU.Build.0 = Release|Any CPU
	EndGlobalSection
	GlobalSection(SolutionProperties) = preSolution
		HideSolutionNode = FALSE
	EndGlobalSection
EndGlobal
